
Microsoft Visual Studio Solution File, Format Version 12.00
# Visual Studio Version 16
VisualStudioVersion = 16.0.30804.86
MinimumVisualStudioVersion = 10.0.40219.1
Project("{FAE04EC0-301F-11D3-BF4B-00C04F79EFBC}") = "RTDataManager", "RTDataManager\RTDataManager.csproj", "{B942F0CE-6B07-4A44-9A5D-AAABE50DA809}"
EndProject
Global
	GlobalSection(SolutionConfigurationPlatforms) = preSolution
		Debug|Any CPU = Debug|Any CPU
		Release|Any CPU = Release|Any CPU
	EndGlobalSection
	GlobalSection(ProjectConfigurationPlatforms) = postSolution
		{B942F0CE-6B07-4A44-9A5D-AAABE50DA809}.Debug|Any CPU.ActiveCfg = Debug|Any CPU
		{B942F0CE-6B07-4A44-9A5D-AAABE50DA809}.Debug|Any CPU.Build.0 = Debug|Any CPU
		{B942F0CE-6B07-4A44-9A5D-AAABE50DA809}.Release|Any CPU.ActiveCfg = Release|Any CPU
		{B942F0CE-6B07-4A44-9A5D-AAABE50DA809}.Release|Any CPU.Build.0 = Release|Any CPU
	EndGlobalSection
	GlobalSection(SolutionProperties) = preSolution
		HideSolutionNode = FALSE
	EndGlobalSection
	GlobalSection(ExtensibilityGlobals) = postSolution
		SolutionGuid = {82EC81A0-E417-44DE-817C-1CBD8FD3180A}
	EndGlobalSection
EndGlobal
